
Microsoft Visual Studio Solution File, Format Version 12.00
# Visual Studio Version 16
VisualStudioVersion = 16.0.30804.86
MinimumVisualStudioVersion = 10.0.40219.1
Project("{9344BDBB-3E7F-41FC-A0DD-8665D75EE146}") = "mosquebookapi", "mosquebookapi\mosquebookapi.csproj", "{2108B8E9-71AA-4ED1-B964-8EB984343BBB}"
EndProject
Global
	GlobalSection(SolutionConfigurationPlatforms) = preSolution
		Debug|Any CPU = Debug|Any CPU
		Release|Any CPU = Release|Any CPU
	EndGlobalSection
	GlobalSection(ProjectConfigurationPlatforms) = postSolution
		{2108B8E9-71AA-4ED1-B964-8EB984343BBB}.Debug|Any CPU.ActiveCfg = Debug|Any CPU
		{2108B8E9-71AA-4ED1-B964-8EB984343BBB}.Debug|Any CPU.Build.0 = Debug|Any CPU
		{2108B8E9-71AA-4ED1-B964-8EB984343BBB}.Release|Any CPU.ActiveCfg = Release|Any CPU
		{2108B8E9-71AA-4ED1-B964-8EB984343BBB}.Release|Any CPU.Build.0 = Release|Any CPU
	EndGlobalSection
	GlobalSection(SolutionProperties) = preSolution
		HideSolutionNode = FALSE
	EndGlobalSection
	GlobalSection(ExtensibilityGlobals) = postSolution
		SolutionGuid = {72F22F33-B492-4151-A9CD-43594FA34872}
	EndGlobalSection
EndGlobal
