
Microsoft Visual Studio Solution File, Format Version 12.00
# Visual Studio Version 16
VisualStudioVersion = 16.0.809.6
MinimumVisualStudioVersion = 10.0.40219.1
Project("{FAE04EC0-301F-11D3-BF4B-00C04F79EFBC}") = "mosquebookapi", "mosquebookapi.csproj", "{B7EB6919-11DB-4E28-8D4E-4CEB2762218D}"
EndProject
Global
	GlobalSection(SolutionConfigurationPlatforms) = preSolution
		Debug|Any CPU = Debug|Any CPU
		Release|Any CPU = Release|Any CPU
	EndGlobalSection
	GlobalSection(ProjectConfigurationPlatforms) = postSolution
		{B7EB6919-11DB-4E28-8D4E-4CEB2762218D}.Debug|Any CPU.ActiveCfg = Debug|Any CPU
		{B7EB6919-11DB-4E28-8D4E-4CEB2762218D}.Debug|Any CPU.Build.0 = Debug|Any CPU
		{B7EB6919-11DB-4E28-8D4E-4CEB2762218D}.Release|Any CPU.ActiveCfg = Release|Any CPU
		{B7EB6919-11DB-4E28-8D4E-4CEB2762218D}.Release|Any CPU.Build.0 = Release|Any CPU
	EndGlobalSection
	GlobalSection(SolutionProperties) = preSolution
		HideSolutionNode = FALSE
	EndGlobalSection
	GlobalSection(ExtensibilityGlobals) = postSolution
		SolutionGuid = {74FCA699-FEB1-4BAE-B784-B0F28D19DED2}
	EndGlobalSection
EndGlobal
